{
  "object": {
    "pins": [
      {
        "package": "Facebook",
        "repositoryURL": "https://github.com/facebook/facebook-ios-sdk",
        "state": {
          "branch": null,
          "revision": "03ff7fef5847f36af6c940d43043af74418fc5ea",
          "version": "5.12.0"
        }
      },
      {
        "package": "SDWebImage",
        "repositoryURL": "https://github.com/SDWebImage/SDWebImage",
        "state": {
          "branch": null,
          "revision": "7ef9a314b12c1a31edb0d09d41fcba93143fe772",
          "version": "5.4.0"
        }
      }
    ]
  },
  "version": 1
}
